
Microsoft Visual Studio Solution File, Format Version 12.00
# Visual Studio Version 17
VisualStudioVersion = 17.1.32210.238
MinimumVisualStudioVersion = 10.0.40219.1
Project("{FAE04EC0-301F-11D3-BF4B-00C04F79EFBC}") = "SinglePlayer", "ConsoleApp1\SinglePlayer.csproj", "{4A2301F2-2807-4469-8032-1297386DB996}"
EndProject
Global
	GlobalSection(SolutionConfigurationPlatforms) = preSolution
		Debug|Any CPU = Debug|Any CPU
		Release|Any CPU = Release|Any CPU
	EndGlobalSection
	GlobalSection(ProjectConfigurationPlatforms) = postSolution
		{4A2301F2-2807-4469-8032-1297386DB996}.Debug|Any CPU.ActiveCfg = Debug|Any CPU
		{4A2301F2-2807-4469-8032-1297386DB996}.Debug|Any CPU.Build.0 = Debug|Any CPU
		{4A2301F2-2807-4469-8032-1297386DB996}.Release|Any CPU.ActiveCfg = Release|Any CPU
		{4A2301F2-2807-4469-8032-1297386DB996}.Release|Any CPU.Build.0 = Release|Any CPU
	EndGlobalSection
	GlobalSection(SolutionProperties) = preSolution
		HideSolutionNode = FALSE
	EndGlobalSection
	GlobalSection(ExtensibilityGlobals) = postSolution
		SolutionGuid = {DB150E86-1C2F-47E6-8317-80A6178A823C}
	EndGlobalSection
EndGlobal
