
Microsoft Visual Studio Solution File, Format Version 12.00
# Visual Studio Version 17
VisualStudioVersion = 17.1.32210.238
MinimumVisualStudioVersion = 10.0.40219.1
Project("{FAE04EC0-301F-11D3-BF4B-00C04F79EFBC}") = "PlayersRollsTheDie", "PlayersRollsTheDie\PlayersRollsTheDie.csproj", "{525E8BF6-74AE-4185-A4F8-5A50B36E4BA7}"
EndProject
Global
	GlobalSection(SolutionConfigurationPlatforms) = preSolution
		Debug|Any CPU = Debug|Any CPU
		Release|Any CPU = Release|Any CPU
	EndGlobalSection
	GlobalSection(ProjectConfigurationPlatforms) = postSolution
		{525E8BF6-74AE-4185-A4F8-5A50B36E4BA7}.Debug|Any CPU.ActiveCfg = Debug|Any CPU
		{525E8BF6-74AE-4185-A4F8-5A50B36E4BA7}.Debug|Any CPU.Build.0 = Debug|Any CPU
		{525E8BF6-74AE-4185-A4F8-5A50B36E4BA7}.Release|Any CPU.ActiveCfg = Release|Any CPU
		{525E8BF6-74AE-4185-A4F8-5A50B36E4BA7}.Release|Any CPU.Build.0 = Release|Any CPU
	EndGlobalSection
	GlobalSection(SolutionProperties) = preSolution
		HideSolutionNode = FALSE
	EndGlobalSection
	GlobalSection(ExtensibilityGlobals) = postSolution
		SolutionGuid = {28311197-DD3B-4B5C-A17D-163D4C251541}
	EndGlobalSection
EndGlobal
